
Microsoft Visual Studio Solution File, Format Version 12.00
# Visual Studio Version 16
VisualStudioVersion = 16.0.31321.278
MinimumVisualStudioVersion = 10.0.40219.1
Project("{9A19103F-16F7-4668-BE54-9A1E7A4F7556}") = "OutCons.Web", "OutCons.Web\OutCons.Web.csproj", "{A9FAD39D-372C-4B5C-AF50-BB6EFB1E3FC3}"
EndProject
Global
	GlobalSection(SolutionConfigurationPlatforms) = preSolution
		Debug|Any CPU = Debug|Any CPU
		Release|Any CPU = Release|Any CPU
	EndGlobalSection
	GlobalSection(ProjectConfigurationPlatforms) = postSolution
		{A9FAD39D-372C-4B5C-AF50-BB6EFB1E3FC3}.Debug|Any CPU.ActiveCfg = Debug|Any CPU
		{A9FAD39D-372C-4B5C-AF50-BB6EFB1E3FC3}.Debug|Any CPU.Build.0 = Debug|Any CPU
		{A9FAD39D-372C-4B5C-AF50-BB6EFB1E3FC3}.Release|Any CPU.ActiveCfg = Release|Any CPU
		{A9FAD39D-372C-4B5C-AF50-BB6EFB1E3FC3}.Release|Any CPU.Build.0 = Release|Any CPU
	EndGlobalSection
	GlobalSection(SolutionProperties) = preSolution
		HideSolutionNode = FALSE
	EndGlobalSection
	GlobalSection(ExtensibilityGlobals) = postSolution
		SolutionGuid = {4D029629-D784-4F0C-AA8F-7B47FF0108AA}
	EndGlobalSection
EndGlobal
